
Microsoft Visual Studio Solution File, Format Version 12.00
# Visual Studio Version 17
VisualStudioVersion = 17.14.36518.9 d17.14
MinimumVisualStudioVersion = 10.0.40219.1
Project("{FAE04EC0-301F-11D3-BF4B-00C04F79EFBC}") = "Helloworld", "Helloworld\Helloworld.csproj", "{F3B478B4-93F1-44FB-80D1-E53972F656DE}"
EndProject
Global
	GlobalSection(SolutionConfigurationPlatforms) = preSolution
		Debug|Any CPU = Debug|Any CPU
		Release|Any CPU = Release|Any CPU
	EndGlobalSection
	GlobalSection(ProjectConfigurationPlatforms) = postSolution
		{F3B478B4-93F1-44FB-80D1-E53972F656DE}.Debug|Any CPU.ActiveCfg = Debug|Any CPU
		{F3B478B4-93F1-44FB-80D1-E53972F656DE}.Debug|Any CPU.Build.0 = Debug|Any CPU
		{F3B478B4-93F1-44FB-80D1-E53972F656DE}.Release|Any CPU.ActiveCfg = Release|Any CPU
		{F3B478B4-93F1-44FB-80D1-E53972F656DE}.Release|Any CPU.Build.0 = Release|Any CPU
	EndGlobalSection
	GlobalSection(SolutionProperties) = preSolution
		HideSolutionNode = FALSE
	EndGlobalSection
	GlobalSection(ExtensibilityGlobals) = postSolution
		SolutionGuid = {636454D3-B5E8-477F-A8D8-487FB40C11F7}
	EndGlobalSection
EndGlobal
